
Microsoft Visual Studio Solution File, Format Version 12.00
# Visual Studio Version 17
VisualStudioVersion = 17.5.002.0
MinimumVisualStudioVersion = 10.0.40219.1
Project("{9A19103F-16F7-4668-BE54-9A1E7A4F7556}") = "Test", "Test.csproj", "{4F903C90-D542-4D35-BF51-73B207601EE3}"
EndProject
Global
	GlobalSection(SolutionConfigurationPlatforms) = preSolution
		Debug|Any CPU = Debug|Any CPU
		Release|Any CPU = Release|Any CPU
	EndGlobalSection
	GlobalSection(ProjectConfigurationPlatforms) = postSolution
		{4F903C90-D542-4D35-BF51-73B207601EE3}.Debug|Any CPU.ActiveCfg = Debug|Any CPU
		{4F903C90-D542-4D35-BF51-73B207601EE3}.Debug|Any CPU.Build.0 = Debug|Any CPU
		{4F903C90-D542-4D35-BF51-73B207601EE3}.Release|Any CPU.ActiveCfg = Release|Any CPU
		{4F903C90-D542-4D35-BF51-73B207601EE3}.Release|Any CPU.Build.0 = Release|Any CPU
	EndGlobalSection
	GlobalSection(SolutionProperties) = preSolution
		HideSolutionNode = FALSE
	EndGlobalSection
	GlobalSection(ExtensibilityGlobals) = postSolution
		SolutionGuid = {EB1CE61F-EFA3-4839-9019-797193A2DCF1}
	EndGlobalSection
EndGlobal
